
Microsoft Visual Studio Solution File, Format Version 12.00
# Visual Studio Version 17
VisualStudioVersion = 17.10.35027.167
MinimumVisualStudioVersion = 10.0.40219.1
Project("{9A19103F-16F7-4668-BE54-9A1E7A4F7556}") = "EquipmentSignalData", "EquipmentSignalData.csproj", "{CC1623D8-6EED-4715-AD25-4601EDAFAB57}"
EndProject
Project("{9A19103F-16F7-4668-BE54-9A1E7A4F7556}") = "DataService", "DataService\DataService.csproj", "{78DC8FD0-D481-4B9D-84F0-26EC8FB90E3E}"
EndProject
Project("{9A19103F-16F7-4668-BE54-9A1E7A4F7556}") = "BusinessLogic", "BusinessLogic\BusinessLogic.csproj", "{373852AC-65C8-453F-9039-B695C132B518}"
EndProject
Project("{FAE04EC0-301F-11D3-BF4B-00C04F79EFBC}") = "Intetfaces", "Intetfaces\Intetfaces.csproj", "{80FBE491-B365-403A-9E24-8BC71EF18D79}"
EndProject
Global
	GlobalSection(SolutionConfigurationPlatforms) = preSolution
		Debug|Any CPU = Debug|Any CPU
		Release|Any CPU = Release|Any CPU
	EndGlobalSection
	GlobalSection(ProjectConfigurationPlatforms) = postSolution
		{CC1623D8-6EED-4715-AD25-4601EDAFAB57}.Debug|Any CPU.ActiveCfg = Debug|Any CPU
		{CC1623D8-6EED-4715-AD25-4601EDAFAB57}.Debug|Any CPU.Build.0 = Debug|Any CPU
		{CC1623D8-6EED-4715-AD25-4601EDAFAB57}.Release|Any CPU.ActiveCfg = Release|Any CPU
		{CC1623D8-6EED-4715-AD25-4601EDAFAB57}.Release|Any CPU.Build.0 = Release|Any CPU
		{78DC8FD0-D481-4B9D-84F0-26EC8FB90E3E}.Debug|Any CPU.ActiveCfg = Debug|Any CPU
		{78DC8FD0-D481-4B9D-84F0-26EC8FB90E3E}.Debug|Any CPU.Build.0 = Debug|Any CPU
		{78DC8FD0-D481-4B9D-84F0-26EC8FB90E3E}.Release|Any CPU.ActiveCfg = Release|Any CPU
		{78DC8FD0-D481-4B9D-84F0-26EC8FB90E3E}.Release|Any CPU.Build.0 = Release|Any CPU
		{373852AC-65C8-453F-9039-B695C132B518}.Debug|Any CPU.ActiveCfg = Debug|Any CPU
		{373852AC-65C8-453F-9039-B695C132B518}.Debug|Any CPU.Build.0 = Debug|Any CPU
		{373852AC-65C8-453F-9039-B695C132B518}.Release|Any CPU.ActiveCfg = Release|Any CPU
		{373852AC-65C8-453F-9039-B695C132B518}.Release|Any CPU.Build.0 = Release|Any CPU
		{80FBE491-B365-403A-9E24-8BC71EF18D79}.Debug|Any CPU.ActiveCfg = Debug|Any CPU
		{80FBE491-B365-403A-9E24-8BC71EF18D79}.Debug|Any CPU.Build.0 = Debug|Any CPU
		{80FBE491-B365-403A-9E24-8BC71EF18D79}.Release|Any CPU.ActiveCfg = Release|Any CPU
		{80FBE491-B365-403A-9E24-8BC71EF18D79}.Release|Any CPU.Build.0 = Release|Any CPU
	EndGlobalSection
	GlobalSection(SolutionProperties) = preSolution
		HideSolutionNode = FALSE
	EndGlobalSection
	GlobalSection(ExtensibilityGlobals) = postSolution
		SolutionGuid = {730C2CB3-7FA5-4B85-9E4D-A9B2ABF17952}
	EndGlobalSection
EndGlobal
